
Microsoft Visual Studio Solution File, Format Version 12.00
# Visual Studio Version 16
VisualStudioVersion = 25.0.1704.4
MinimumVisualStudioVersion = 10.0.40219.1
Project("{FAE04EC0-301F-11D3-BF4B-00C04F79EFBC}") = "ADOP_ExtraAssignment", "ADOP_ExtraAssignment\ADOP_ExtraAssignment.csproj", "{A0CB4106-1AFF-40C7-8094-3BD61F8E5B58}"
EndProject
Global
	GlobalSection(SolutionConfigurationPlatforms) = preSolution
		Debug|Any CPU = Debug|Any CPU
		Release|Any CPU = Release|Any CPU
	EndGlobalSection
	GlobalSection(ProjectConfigurationPlatforms) = postSolution
		{A0CB4106-1AFF-40C7-8094-3BD61F8E5B58}.Debug|Any CPU.ActiveCfg = Debug|Any CPU
		{A0CB4106-1AFF-40C7-8094-3BD61F8E5B58}.Debug|Any CPU.Build.0 = Debug|Any CPU
		{A0CB4106-1AFF-40C7-8094-3BD61F8E5B58}.Release|Any CPU.ActiveCfg = Release|Any CPU
		{A0CB4106-1AFF-40C7-8094-3BD61F8E5B58}.Release|Any CPU.Build.0 = Release|Any CPU
	EndGlobalSection
	GlobalSection(SolutionProperties) = preSolution
		HideSolutionNode = FALSE
	EndGlobalSection
	GlobalSection(ExtensibilityGlobals) = postSolution
		SolutionGuid = {7C81C77F-2DAA-4DEE-94BF-90998BCD9DB2}
	EndGlobalSection
EndGlobal
